
Microsoft Visual Studio Solution File, Format Version 12.00
# Visual Studio Version 17
VisualStudioVersion = 17.1.32407.343
MinimumVisualStudioVersion = 10.0.40219.1
Project("{FAE04EC0-301F-11D3-BF4B-00C04F79EFBC}") = "CMD.API.Patients", "CMD.API.Patients\CMD.API.Patients.csproj", "{07EBD61C-C9DA-41A1-8F4E-B5F1DD6E30CC}"
EndProject
Project("{FAE04EC0-301F-11D3-BF4B-00C04F79EFBC}") = "CMD.API.Patients.Tests", "CMD.API.Patients.Tests\CMD.API.Patients.Tests.csproj", "{4561D175-72DF-4B93-97F3-13607D783F65}"
EndProject
Project("{2150E333-8FDC-42A3-9474-1A3956D46DE8}") = "API", "API", "{4050F626-BCE4-4C68-B2D6-482F1172D707}"
EndProject
Project("{2150E333-8FDC-42A3-9474-1A3956D46DE8}") = "Test", "Test", "{348AB535-C523-404A-A5CF-9F671BE4336D}"
EndProject
Project("{2150E333-8FDC-42A3-9474-1A3956D46DE8}") = "Data", "Data", "{F1B7F7CB-D9CA-4141-B696-A48BB7B9E54C}"
EndProject
Project("{FAE04EC0-301F-11D3-BF4B-00C04F79EFBC}") = "CMD.Repository.Patients", "CMD.Repository.Patients\CMD.Repository.Patients.csproj", "{7995F8C8-2E57-41AA-80D9-9FC632CB4C84}"
EndProject
Project("{2150E333-8FDC-42A3-9474-1A3956D46DE8}") = "Model", "Model", "{30128D42-65B1-46DE-BCCC-9A5074992BF0}"
EndProject
Project("{FAE04EC0-301F-11D3-BF4B-00C04F79EFBC}") = "CMD.Model.Patients", "CMD.Model.Patients\CMD.Model.Patients.csproj", "{C8073FB3-D5A7-47B6-A8A5-1F7B5F19A314}"
EndProject
Project("{2150E333-8FDC-42A3-9474-1A3956D46DE8}") = "Business", "Business", "{1BB87E94-C16C-4635-B361-B1748DA07BE1}"
EndProject
Project("{FAE04EC0-301F-11D3-BF4B-00C04F79EFBC}") = "CMD.Business.Patients", "CMD.Business.Patients\CMD.Business.Patients.csproj", "{ED16009B-AAC9-4966-97BD-DD415F061446}"
EndProject
Project("{FAE04EC0-301F-11D3-BF4B-00C04F79EFBC}") = "CMD.DTO.Patients", "CMD.DTO.Patients\CMD.DTO.Patients.csproj", "{2E908F83-EF02-4B15-896B-61552BD36454}"
EndProject
Project("{2150E333-8FDC-42A3-9474-1A3956D46DE8}") = "DTO", "DTO", "{A0F187B6-F993-4F81-949A-5A1B29FE968D}"
EndProject
Project("{2150E333-8FDC-42A3-9474-1A3956D46DE8}") = "Entities", "Entities", "{3786FCE8-08BD-442C-808B-11F1DD67368B}"
EndProject
Project("{FAE04EC0-301F-11D3-BF4B-00C04F79EFBC}") = "CMD.DTO.Doctors", "CMD.DTO.Doctors\CMD.DTO.Doctors.csproj", "{665A8954-8175-4457-9FC0-CBB78AE31156}"
EndProject
Project("{FAE04EC0-301F-11D3-BF4B-00C04F79EFBC}") = "CMD.Model.Doctors", "CMD.Model.Doctors\CMD.Model.Doctors.csproj", "{4C8D7975-B511-4361-8E73-80B0C1812153}"
EndProject
Project("{FAE04EC0-301F-11D3-BF4B-00C04F79EFBC}") = "CMD.Model.Appointments", "CMD.Model.Appointments\CMD.Model.Appointments.csproj", "{D32E552B-75FA-4596-8BDD-7CBC985D4ACA}"
EndProject
Project("{FAE04EC0-301F-11D3-BF4B-00C04F79EFBC}") = "CMD.DTO.Appointments", "CMD.DTO.Appointments\CMD.DTO.Appointments.csproj", "{DB227780-E343-4264-AC12-833A6E5A4218}"
EndProject
Project("{FAE04EC0-301F-11D3-BF4B-00C04F79EFBC}") = "CMD.DbContextAll", "CMD.DbContext.All\CMD.DbContextAll.csproj", "{F53D8370-6F4D-46D0-B96C-DA786549C8A9}"
EndProject
Project("{FAE04EC0-301F-11D3-BF4B-00C04F79EFBC}") = "CMD.Repository.Appointments", "CMD.Repository.Appointments\CMD.Repository.Appointments.csproj", "{9D0647A1-14B9-46B2-ABC4-9C25E9A27AE8}"
EndProject
Project("{2150E333-8FDC-42A3-9474-1A3956D46DE8}") = "Repositories", "Repositories", "{81FFF9E5-1477-4A8A-B645-1174998BFB1C}"
EndProject
Project("{2150E333-8FDC-42A3-9474-1A3956D46DE8}") = "DbContext", "DbContext", "{3881326A-D947-4BFC-A300-1D1882B0DD13}"
EndProject
Project("{FAE04EC0-301F-11D3-BF4B-00C04F79EFBC}") = "CMD.Repository.Doctors", "CMD.Repository.Doctors\CMD.Repository.Doctors.csproj", "{9D02E0BB-D19C-4067-8E32-D4CC4F45696F}"
EndProject
Project("{FAE04EC0-301F-11D3-BF4B-00C04F79EFBC}") = "CMD.API.Appointments", "CMD.API.Appointments\CMD.API.Appointments.csproj", "{D6957CB2-71AC-4E06-97BA-D75EA5BD521F}"
EndProject
Project("{FAE04EC0-301F-11D3-BF4B-00C04F79EFBC}") = "CMD.API.Appointments.Tests", "API\CMD.API.Appointments.Tests\CMD.API.Appointments.Tests.csproj", "{A4A9E590-3203-44D9-BD9C-177467E3B9C7}"
EndProject
Project("{FAE04EC0-301F-11D3-BF4B-00C04F79EFBC}") = "CMD.Business.Doctors", "CMD.Business.Doctors\CMD.Business.Doctors.csproj", "{9293E7EF-CFC7-4518-AE0A-27E17A6DAA5E}"
EndProject
Project("{FAE04EC0-301F-11D3-BF4B-00C04F79EFBC}") = "CMD.Business.Appointments", "CMD.Business.Appointments\CMD.Business.Appointments.csproj", "{873089AC-A7AB-4AA9-9051-69E466C319DB}"
EndProject
Project("{FAE04EC0-301F-11D3-BF4B-00C04F79EFBC}") = "CMD.API.Doctors", "CMD.API.Doctors\CMD.API.Doctors.csproj", "{F3D8C8A5-7FD5-4B06-B001-9694E19BEA9D}"
EndProject
Global
	GlobalSection(SolutionConfigurationPlatforms) = preSolution
		Debug|Any CPU = Debug|Any CPU
		Release|Any CPU = Release|Any CPU
	EndGlobalSection
	GlobalSection(ProjectConfigurationPlatforms) = postSolution
		{07EBD61C-C9DA-41A1-8F4E-B5F1DD6E30CC}.Debug|Any CPU.ActiveCfg = Debug|Any CPU
		{07EBD61C-C9DA-41A1-8F4E-B5F1DD6E30CC}.Debug|Any CPU.Build.0 = Debug|Any CPU
		{07EBD61C-C9DA-41A1-8F4E-B5F1DD6E30CC}.Release|Any CPU.ActiveCfg = Release|Any CPU
		{07EBD61C-C9DA-41A1-8F4E-B5F1DD6E30CC}.Release|Any CPU.Build.0 = Release|Any CPU
		{4561D175-72DF-4B93-97F3-13607D783F65}.Debug|Any CPU.ActiveCfg = Debug|Any CPU
		{4561D175-72DF-4B93-97F3-13607D783F65}.Debug|Any CPU.Build.0 = Debug|Any CPU
		{4561D175-72DF-4B93-97F3-13607D783F65}.Release|Any CPU.ActiveCfg = Release|Any CPU
		{4561D175-72DF-4B93-97F3-13607D783F65}.Release|Any CPU.Build.0 = Release|Any CPU
		{7995F8C8-2E57-41AA-80D9-9FC632CB4C84}.Debug|Any CPU.ActiveCfg = Debug|Any CPU
		{7995F8C8-2E57-41AA-80D9-9FC632CB4C84}.Debug|Any CPU.Build.0 = Debug|Any CPU
		{7995F8C8-2E57-41AA-80D9-9FC632CB4C84}.Release|Any CPU.ActiveCfg = Release|Any CPU
		{7995F8C8-2E57-41AA-80D9-9FC632CB4C84}.Release|Any CPU.Build.0 = Release|Any CPU
		{C8073FB3-D5A7-47B6-A8A5-1F7B5F19A314}.Debug|Any CPU.ActiveCfg = Debug|Any CPU
		{C8073FB3-D5A7-47B6-A8A5-1F7B5F19A314}.Debug|Any CPU.Build.0 = Debug|Any CPU
		{C8073FB3-D5A7-47B6-A8A5-1F7B5F19A314}.Release|Any CPU.ActiveCfg = Release|Any CPU
		{C8073FB3-D5A7-47B6-A8A5-1F7B5F19A314}.Release|Any CPU.Build.0 = Release|Any CPU
		{ED16009B-AAC9-4966-97BD-DD415F061446}.Debug|Any CPU.ActiveCfg = Debug|Any CPU
		{ED16009B-AAC9-4966-97BD-DD415F061446}.Debug|Any CPU.Build.0 = Debug|Any CPU
		{ED16009B-AAC9-4966-97BD-DD415F061446}.Release|Any CPU.ActiveCfg = Release|Any CPU
		{ED16009B-AAC9-4966-97BD-DD415F061446}.Release|Any CPU.Build.0 = Release|Any CPU
		{2E908F83-EF02-4B15-896B-61552BD36454}.Debug|Any CPU.ActiveCfg = Debug|Any CPU
		{2E908F83-EF02-4B15-896B-61552BD36454}.Debug|Any CPU.Build.0 = Debug|Any CPU
		{2E908F83-EF02-4B15-896B-61552BD36454}.Release|Any CPU.ActiveCfg = Release|Any CPU
		{2E908F83-EF02-4B15-896B-61552BD36454}.Release|Any CPU.Build.0 = Release|Any CPU
		{665A8954-8175-4457-9FC0-CBB78AE31156}.Debug|Any CPU.ActiveCfg = Debug|Any CPU
		{665A8954-8175-4457-9FC0-CBB78AE31156}.Debug|Any CPU.Build.0 = Debug|Any CPU
		{665A8954-8175-4457-9FC0-CBB78AE31156}.Release|Any CPU.ActiveCfg = Release|Any CPU
		{665A8954-8175-4457-9FC0-CBB78AE31156}.Release|Any CPU.Build.0 = Release|Any CPU
		{4C8D7975-B511-4361-8E73-80B0C1812153}.Debug|Any CPU.ActiveCfg = Debug|Any CPU
		{4C8D7975-B511-4361-8E73-80B0C1812153}.Debug|Any CPU.Build.0 = Debug|Any CPU
		{4C8D7975-B511-4361-8E73-80B0C1812153}.Release|Any CPU.ActiveCfg = Release|Any CPU
		{4C8D7975-B511-4361-8E73-80B0C1812153}.Release|Any CPU.Build.0 = Release|Any CPU
		{D32E552B-75FA-4596-8BDD-7CBC985D4ACA}.Debug|Any CPU.ActiveCfg = Debug|Any CPU
		{D32E552B-75FA-4596-8BDD-7CBC985D4ACA}.Debug|Any CPU.Build.0 = Debug|Any CPU
		{D32E552B-75FA-4596-8BDD-7CBC985D4ACA}.Release|Any CPU.ActiveCfg = Release|Any CPU
		{D32E552B-75FA-4596-8BDD-7CBC985D4ACA}.Release|Any CPU.Build.0 = Release|Any CPU
		{DB227780-E343-4264-AC12-833A6E5A4218}.Debug|Any CPU.ActiveCfg = Debug|Any CPU
		{DB227780-E343-4264-AC12-833A6E5A4218}.Debug|Any CPU.Build.0 = Debug|Any CPU
		{DB227780-E343-4264-AC12-833A6E5A4218}.Release|Any CPU.ActiveCfg = Release|Any CPU
		{DB227780-E343-4264-AC12-833A6E5A4218}.Release|Any CPU.Build.0 = Release|Any CPU
		{F53D8370-6F4D-46D0-B96C-DA786549C8A9}.Debug|Any CPU.ActiveCfg = Debug|Any CPU
		{F53D8370-6F4D-46D0-B96C-DA786549C8A9}.Debug|Any CPU.Build.0 = Debug|Any CPU
		{F53D8370-6F4D-46D0-B96C-DA786549C8A9}.Release|Any CPU.ActiveCfg = Release|Any CPU
		{F53D8370-6F4D-46D0-B96C-DA786549C8A9}.Release|Any CPU.Build.0 = Release|Any CPU
		{9D0647A1-14B9-46B2-ABC4-9C25E9A27AE8}.Debug|Any CPU.ActiveCfg = Debug|Any CPU
		{9D0647A1-14B9-46B2-ABC4-9C25E9A27AE8}.Debug|Any CPU.Build.0 = Debug|Any CPU
		{9D0647A1-14B9-46B2-ABC4-9C25E9A27AE8}.Release|Any CPU.ActiveCfg = Release|Any CPU
		{9D0647A1-14B9-46B2-ABC4-9C25E9A27AE8}.Release|Any CPU.Build.0 = Release|Any CPU
		{9D02E0BB-D19C-4067-8E32-D4CC4F45696F}.Debug|Any CPU.ActiveCfg = Debug|Any CPU
		{9D02E0BB-D19C-4067-8E32-D4CC4F45696F}.Debug|Any CPU.Build.0 = Debug|Any CPU
		{9D02E0BB-D19C-4067-8E32-D4CC4F45696F}.Release|Any CPU.ActiveCfg = Release|Any CPU
		{9D02E0BB-D19C-4067-8E32-D4CC4F45696F}.Release|Any CPU.Build.0 = Release|Any CPU
		{D6957CB2-71AC-4E06-97BA-D75EA5BD521F}.Debug|Any CPU.ActiveCfg = Debug|Any CPU
		{D6957CB2-71AC-4E06-97BA-D75EA5BD521F}.Debug|Any CPU.Build.0 = Debug|Any CPU
		{D6957CB2-71AC-4E06-97BA-D75EA5BD521F}.Release|Any CPU.ActiveCfg = Release|Any CPU
		{D6957CB2-71AC-4E06-97BA-D75EA5BD521F}.Release|Any CPU.Build.0 = Release|Any CPU
		{A4A9E590-3203-44D9-BD9C-177467E3B9C7}.Debug|Any CPU.ActiveCfg = Debug|Any CPU
		{A4A9E590-3203-44D9-BD9C-177467E3B9C7}.Debug|Any CPU.Build.0 = Debug|Any CPU
		{A4A9E590-3203-44D9-BD9C-177467E3B9C7}.Release|Any CPU.ActiveCfg = Release|Any CPU
		{A4A9E590-3203-44D9-BD9C-177467E3B9C7}.Release|Any CPU.Build.0 = Release|Any CPU
		{9293E7EF-CFC7-4518-AE0A-27E17A6DAA5E}.Debug|Any CPU.ActiveCfg = Debug|Any CPU
		{9293E7EF-CFC7-4518-AE0A-27E17A6DAA5E}.Debug|Any CPU.Build.0 = Debug|Any CPU
		{9293E7EF-CFC7-4518-AE0A-27E17A6DAA5E}.Release|Any CPU.ActiveCfg = Release|Any CPU
		{9293E7EF-CFC7-4518-AE0A-27E17A6DAA5E}.Release|Any CPU.Build.0 = Release|Any CPU
		{873089AC-A7AB-4AA9-9051-69E466C319DB}.Debug|Any CPU.ActiveCfg = Debug|Any CPU
		{873089AC-A7AB-4AA9-9051-69E466C319DB}.Debug|Any CPU.Build.0 = Debug|Any CPU
		{873089AC-A7AB-4AA9-9051-69E466C319DB}.Release|Any CPU.ActiveCfg = Release|Any CPU
		{873089AC-A7AB-4AA9-9051-69E466C319DB}.Release|Any CPU.Build.0 = Release|Any CPU
		{F3D8C8A5-7FD5-4B06-B001-9694E19BEA9D}.Debug|Any CPU.ActiveCfg = Debug|Any CPU
		{F3D8C8A5-7FD5-4B06-B001-9694E19BEA9D}.Debug|Any CPU.Build.0 = Debug|Any CPU
		{F3D8C8A5-7FD5-4B06-B001-9694E19BEA9D}.Release|Any CPU.ActiveCfg = Release|Any CPU
		{F3D8C8A5-7FD5-4B06-B001-9694E19BEA9D}.Release|Any CPU.Build.0 = Release|Any CPU
	EndGlobalSection
	GlobalSection(SolutionProperties) = preSolution
		HideSolutionNode = FALSE
	EndGlobalSection
	GlobalSection(NestedProjects) = preSolution
		{07EBD61C-C9DA-41A1-8F4E-B5F1DD6E30CC} = {4050F626-BCE4-4C68-B2D6-482F1172D707}
		{4561D175-72DF-4B93-97F3-13607D783F65} = {348AB535-C523-404A-A5CF-9F671BE4336D}
		{7995F8C8-2E57-41AA-80D9-9FC632CB4C84} = {81FFF9E5-1477-4A8A-B645-1174998BFB1C}
		{C8073FB3-D5A7-47B6-A8A5-1F7B5F19A314} = {3786FCE8-08BD-442C-808B-11F1DD67368B}
		{ED16009B-AAC9-4966-97BD-DD415F061446} = {1BB87E94-C16C-4635-B361-B1748DA07BE1}
		{2E908F83-EF02-4B15-896B-61552BD36454} = {A0F187B6-F993-4F81-949A-5A1B29FE968D}
		{A0F187B6-F993-4F81-949A-5A1B29FE968D} = {30128D42-65B1-46DE-BCCC-9A5074992BF0}
		{3786FCE8-08BD-442C-808B-11F1DD67368B} = {30128D42-65B1-46DE-BCCC-9A5074992BF0}
		{665A8954-8175-4457-9FC0-CBB78AE31156} = {A0F187B6-F993-4F81-949A-5A1B29FE968D}
		{4C8D7975-B511-4361-8E73-80B0C1812153} = {3786FCE8-08BD-442C-808B-11F1DD67368B}
		{D32E552B-75FA-4596-8BDD-7CBC985D4ACA} = {3786FCE8-08BD-442C-808B-11F1DD67368B}
		{DB227780-E343-4264-AC12-833A6E5A4218} = {A0F187B6-F993-4F81-949A-5A1B29FE968D}
		{F53D8370-6F4D-46D0-B96C-DA786549C8A9} = {3881326A-D947-4BFC-A300-1D1882B0DD13}
		{9D0647A1-14B9-46B2-ABC4-9C25E9A27AE8} = {81FFF9E5-1477-4A8A-B645-1174998BFB1C}
		{81FFF9E5-1477-4A8A-B645-1174998BFB1C} = {F1B7F7CB-D9CA-4141-B696-A48BB7B9E54C}
		{3881326A-D947-4BFC-A300-1D1882B0DD13} = {F1B7F7CB-D9CA-4141-B696-A48BB7B9E54C}
		{9D02E0BB-D19C-4067-8E32-D4CC4F45696F} = {81FFF9E5-1477-4A8A-B645-1174998BFB1C}
		{D6957CB2-71AC-4E06-97BA-D75EA5BD521F} = {4050F626-BCE4-4C68-B2D6-482F1172D707}
		{A4A9E590-3203-44D9-BD9C-177467E3B9C7} = {4050F626-BCE4-4C68-B2D6-482F1172D707}
		{9293E7EF-CFC7-4518-AE0A-27E17A6DAA5E} = {1BB87E94-C16C-4635-B361-B1748DA07BE1}
		{873089AC-A7AB-4AA9-9051-69E466C319DB} = {1BB87E94-C16C-4635-B361-B1748DA07BE1}
		{F3D8C8A5-7FD5-4B06-B001-9694E19BEA9D} = {4050F626-BCE4-4C68-B2D6-482F1172D707}
	EndGlobalSection
	GlobalSection(ExtensibilityGlobals) = postSolution
		SolutionGuid = {FAE4A184-C7B1-4D3A-9C2E-4945572706C3}
	EndGlobalSection
EndGlobal
